// !$*UTF8*$!
{
	archiveVersion = 1;
	classes = {
	};
	objectVersion = 46;
	objects = {

/* Begin PBXBuildFile section */
		567431C81F0B2AEA00BFC839 /* AppDelegate.swift in Sources */ = {isa = PBXBuildFile; fileRef = 567431C71F0B2AEA00BFC839 /* AppDelegate.swift */; };
		567431CA1F0B2AEA00BFC839 /* HomeController.swift in Sources */ = {isa = PBXBuildFile; fileRef = 567431C91F0B2AEA00BFC839 /* HomeController.swift */; };
		567431CD1F0B2AEA00BFC839 /* Main.storyboard in Resources */ = {isa = PBXBuildFile; fileRef = 567431CB1F0B2AEA00BFC839 /* Main.storyboard */; };
		567431CF1F0B2AEA00BFC839 /* Assets.xcassets in Resources */ = {isa = PBXBuildFile; fileRef = 567431CE1F0B2AEA00BFC839 /* Assets.xcassets */; };
		567431D21F0B2AEA00BFC839 /* LaunchScreen.storyboard in Resources */ = {isa = PBXBuildFile; fileRef = 567431D01F0B2AEA00BFC839 /* LaunchScreen.storyboard */; };
		567431DB1F0DCDB200BFC839 /* Extensions.swift in Sources */ = {isa = PBXBuildFile; fileRef = 567431DA1F0DCDB200BFC839 /* Extensions.swift */; };
		567431DE1F0DCE8700BFC839 /* AnnouncementCell.swift in Sources */ = {isa = PBXBuildFile; fileRef = 567431DD1F0DCE8700BFC839 /* AnnouncementCell.swift */; };
		567431E11F0DD73400BFC839 /* MenuBar.swift in Sources */ = {isa = PBXBuildFile; fileRef = 567431E01F0DD73400BFC839 /* MenuBar.swift */; };
		567431E41F12E4AF00BFC839 /* Announcement.swift in Sources */ = {isa = PBXBuildFile; fileRef = 567431E31F12E4AF00BFC839 /* Announcement.swift */; };
		567431E61F12E4D400BFC839 /* Profile.swift in Sources */ = {isa = PBXBuildFile; fileRef = 567431E51F12E4D400BFC839 /* Profile.swift */; };
		5679595D1F133E6200FFDAE2 /* SettingsController.swift in Sources */ = {isa = PBXBuildFile; fileRef = 5679595C1F133E6200FFDAE2 /* SettingsController.swift */; };
		5679595F1F1429AA00FFDAE2 /* SettingCells.swift in Sources */ = {isa = PBXBuildFile; fileRef = 5679595E1F1429AA00FFDAE2 /* SettingCells.swift */; };
		567959611F149DE600FFDAE2 /* MenuTab.swift in Sources */ = {isa = PBXBuildFile; fileRef = 567959601F149DE600FFDAE2 /* MenuTab.swift */; };
		567959631F1D505D00FFDAE2 /* DefaultCell.swift in Sources */ = {isa = PBXBuildFile; fileRef = 567959621F1D505D00FFDAE2 /* DefaultCell.swift */; };
/* End PBXBuildFile section */

/* Begin PBXFileReference section */
		567431C41F0B2AEA00BFC839 /* MostWantedWeek.app */ = {isa = PBXFileReference; explicitFileType = wrapper.application; includeInIndex = 0; path = MostWantedWeek.app; sourceTree = BUILT_PRODUCTS_DIR; };
		567431C71F0B2AEA00BFC839 /* AppDelegate.swift */ = {isa = PBXFileReference; lastKnownFileType = sourcecode.swift; path = AppDelegate.swift; sourceTree = "<group>"; };
		567431C91F0B2AEA00BFC839 /* HomeController.swift */ = {isa = PBXFileReference; lastKnownFileType = sourcecode.swift; path = HomeController.swift; sourceTree = "<group>"; };
		567431CC1F0B2AEA00BFC839 /* Base */ = {isa = PBXFileReference; lastKnownFileType = file.storyboard; name = Base; path = Base.lproj/Main.storyboard; sourceTree = "<group>"; };
		567431CE1F0B2AEA00BFC839 /* Assets.xcassets */ = {isa = PBXFileReference; lastKnownFileType = folder.assetcatalog; path = Assets.xcassets; sourceTree = "<group>"; };
		567431D11F0B2AEA00BFC839 /* Base */ = {isa = PBXFileReference; lastKnownFileType = file.storyboard; name = Base; path = Base.lproj/LaunchScreen.storyboard; sourceTree = "<group>"; };
		567431D31F0B2AEA00BFC839 /* Info.plist */ = {isa = PBXFileReference; lastKnownFileType = text.plist.xml; path = Info.plist; sourceTree = "<group>"; };
		567431DA1F0DCDB200BFC839 /* Extensions.swift */ = {isa = PBXFileReference; fileEncoding = 4; lastKnownFileType = sourcecode.swift; path = Extensions.swift; sourceTree = "<group>"; };
		567431DD1F0DCE8700BFC839 /* AnnouncementCell.swift */ = {isa = PBXFileReference; fileEncoding = 4; lastKnownFileType = sourcecode.swift; path = AnnouncementCell.swift; sourceTree = "<group>"; };
		567431E01F0DD73400BFC839 /* MenuBar.swift */ = {isa = PBXFileReference; fileEncoding = 4; lastKnownFileType = sourcecode.swift; path = MenuBar.swift; sourceTree = "<group>"; };
		567431E31F12E4AF00BFC839 /* Announcement.swift */ = {isa = PBXFileReference; fileEncoding = 4; lastKnownFileType = sourcecode.swift; path = Announcement.swift; sourceTree = "<group>"; };
		567431E51F12E4D400BFC839 /* Profile.swift */ = {isa = PBXFileReference; fileEncoding = 4; lastKnownFileType = sourcecode.swift; path = Profile.swift; sourceTree = "<group>"; };
		5679595C1F133E6200FFDAE2 /* SettingsController.swift */ = {isa = PBXFileReference; fileEncoding = 4; lastKnownFileType = sourcecode.swift; path = SettingsController.swift; sourceTree = "<group>"; };
		5679595E1F1429AA00FFDAE2 /* SettingCells.swift */ = {isa = PBXFileReference; fileEncoding = 4; lastKnownFileType = sourcecode.swift; path = SettingCells.swift; sourceTree = "<group>"; };
		567959601F149DE600FFDAE2 /* MenuTab.swift */ = {isa = PBXFileReference; fileEncoding = 4; lastKnownFileType = sourcecode.swift; path = MenuTab.swift; sourceTree = "<group>"; };
		567959621F1D505D00FFDAE2 /* DefaultCell.swift */ = {isa = PBXFileReference; fileEncoding = 4; lastKnownFileType = sourcecode.swift; path = DefaultCell.swift; sourceTree = "<group>"; };
/* End PBXFileReference section */

/* Begin PBXFrameworksBuildPhase section */
		567431C11F0B2AEA00BFC839 /* Frameworks */ = {
			isa = PBXFrameworksBuildPhase;
			buildActionMask = 2147483647;
			files = (
			);
			runOnlyForDeploymentPostprocessing = 0;
		};
/* End PBXFrameworksBuildPhase section */

/* Begin PBXGroup section */
		567431BB1F0B2AEA00BFC839 = {
			isa = PBXGroup;
			children = (
				567431C61F0B2AEA00BFC839 /* MostWantedWeek */,
				567431C51F0B2AEA00BFC839 /* Products */,
			);
			sourceTree = "<group>";
		};
		567431C51F0B2AEA00BFC839 /* Products */ = {
			isa = PBXGroup;
			children = (
				567431C41F0B2AEA00BFC839 /* MostWantedWeek.app */,
			);
			name = Products;
			sourceTree = "<group>";
		};
		567431C61F0B2AEA00BFC839 /* MostWantedWeek */ = {
			isa = PBXGroup;
			children = (
				567431E21F12E48900BFC839 /* Model */,
				567431C71F0B2AEA00BFC839 /* AppDelegate.swift */,
				567431DC1F0DCE7100BFC839 /* Views */,
				567431DF1F0DCEFD00BFC839 /* Controllers */,
				567431D91F0DCD9D00BFC839 /* HelperFunctions */,
				567431CB1F0B2AEA00BFC839 /* Main.storyboard */,
				567431CE1F0B2AEA00BFC839 /* Assets.xcassets */,
				567431D01F0B2AEA00BFC839 /* LaunchScreen.storyboard */,
				567431D31F0B2AEA00BFC839 /* Info.plist */,
			);
			path = MostWantedWeek;
			sourceTree = "<group>";
		};
		567431D91F0DCD9D00BFC839 /* HelperFunctions */ = {
			isa = PBXGroup;
			children = (
				567431DA1F0DCDB200BFC839 /* Extensions.swift */,
			);
			name = HelperFunctions;
			sourceTree = "<group>";
		};
		567431DC1F0DCE7100BFC839 /* Views */ = {
			isa = PBXGroup;
			children = (
				567431DD1F0DCE8700BFC839 /* AnnouncementCell.swift */,
				567431E01F0DD73400BFC839 /* MenuBar.swift */,
				5679595E1F1429AA00FFDAE2 /* SettingCells.swift */,
				567959621F1D505D00FFDAE2 /* DefaultCell.swift */,
			);
			name = Views;
			sourceTree = "<group>";
		};
		567431DF1F0DCEFD00BFC839 /* Controllers */ = {
			isa = PBXGroup;
			children = (
				567431C91F0B2AEA00BFC839 /* HomeController.swift */,
				5679595C1F133E6200FFDAE2 /* SettingsController.swift */,
			);
			name = Controllers;
			sourceTree = "<group>";
		};
		567431E21F12E48900BFC839 /* Model */ = {
			isa = PBXGroup;
			children = (
				567431E31F12E4AF00BFC839 /* Announcement.swift */,
				567431E51F12E4D400BFC839 /* Profile.swift */,
				567959601F149DE600FFDAE2 /* MenuTab.swift */,
			);
			name = Model;
			sourceTree = "<group>";
		};
/* End PBXGroup section */

/* Begin PBXNativeTarget section */
		567431C31F0B2AEA00BFC839 /* MostWantedWeek */ = {
			isa = PBXNativeTarget;
			buildConfigurationList = 567431D61F0B2AEA00BFC839 /* Build configuration list for PBXNativeTarget "MostWantedWeek" */;
			buildPhases = (
				567431C01F0B2AEA00BFC839 /* Sources */,
				567431C11F0B2AEA00BFC839 /* Frameworks */,
				567431C21F0B2AEA00BFC839 /* Resources */,
			);
			buildRules = (
			);
			dependencies = (
			);
			name = MostWantedWeek;
			productName = MostWantedWeek;
			productReference = 567431C41F0B2AEA00BFC839 /* MostWantedWeek.app */;
			productType = "com.apple.product-type.application";
		};
/* End PBXNativeTarget section */

/* Begin PBXProject section */
		567431BC1F0B2AEA00BFC839 /* Project object */ = {
			isa = PBXProject;
			attributes = {
				LastSwiftUpdateCheck = 0830;
				LastUpgradeCheck = 0830;
				ORGANIZATIONNAME = "Christopher Villanueva";
				TargetAttributes = {
					567431C31F0B2AEA00BFC839 = {
						CreatedOnToolsVersion = 8.3.3;
						DevelopmentTeam = LQ2DT4KW5D;
						ProvisioningStyle = Automatic;
					};
				};
			};
			buildConfigurationList = 567431BF1F0B2AEA00BFC839 /* Build configuration list for PBXProject "MostWantedWeek" */;
			compatibilityVersion = "Xcode 3.2";
			developmentRegion = English;
			hasScannedForEncodings = 0;
			knownRegions = (
				en,
				Base,
			);
			mainGroup = 567431BB1F0B2AEA00BFC839;
			productRefGroup = 567431C51F0B2AEA00BFC839 /* Products */;
			projectDirPath = "";
			projectRoot = "";
			targets = (
				567431C31F0B2AEA00BFC839 /* MostWantedWeek */,
			);
		};
/* End PBXProject section */

/* Begin PBXResourcesBuildPhase section */
		567431C21F0B2AEA00BFC839 /* Resources */ = {
			isa = PBXResourcesBuildPhase;
			buildActionMask = 2147483647;
			files = (
				567431D21F0B2AEA00BFC839 /* LaunchScreen.storyboard in Resources */,
				567431CF1F0B2AEA00BFC839 /* Assets.xcassets in Resources */,
				567431CD1F0B2AEA00BFC839 /* Main.storyboard in Resources */,
			);
			runOnlyForDeploymentPostprocessing = 0;
		};
/* End PBXResourcesBuildPhase section */

/* Begin PBXSourcesBuildPhase section */
		567431C01F0B2AEA00BFC839 /* Sources */ = {
			isa = PBXSourcesBuildPhase;
			buildActionMask = 2147483647;
			files = (
				567959611F149DE600FFDAE2 /* MenuTab.swift in Sources */,
				5679595D1F133E6200FFDAE2 /* SettingsController.swift in Sources */,
				567959631F1D505D00FFDAE2 /* DefaultCell.swift in Sources */,
				567431E41F12E4AF00BFC839 /* Announcement.swift in Sources */,
				567431DE1F0DCE8700BFC839 /* AnnouncementCell.swift in Sources */,
				567431CA1F0B2AEA00BFC839 /* HomeController.swift in Sources */,
				567431E61F12E4D400BFC839 /* Profile.swift in Sources */,
				567431DB1F0DCDB200BFC839 /* Extensions.swift in Sources */,
				567431C81F0B2AEA00BFC839 /* AppDelegate.swift in Sources */,
				567431E11F0DD73400BFC839 /* MenuBar.swift in Sources */,
				5679595F1F1429AA00FFDAE2 /* SettingCells.swift in Sources */,
			);
			runOnlyForDeploymentPostprocessing = 0;
		};
/* End PBXSourcesBuildPhase section */

/* Begin PBXVariantGroup section */
		567431CB1F0B2AEA00BFC839 /* Main.storyboard */ = {
			isa = PBXVariantGroup;
			children = (
				567431CC1F0B2AEA00BFC839 /* Base */,
			);
			name = Main.storyboard;
			sourceTree = "<group>";
		};
		567431D01F0B2AEA00BFC839 /* LaunchScreen.storyboard */ = {
			isa = PBXVariantGroup;
			children = (
				567431D11F0B2AEA00BFC839 /* Base */,
			);
			name = LaunchScreen.storyboard;
			sourceTree = "<group>";
		};
/* End PBXVariantGroup section */

/* Begin XCBuildConfiguration section */
		567431D41F0B2AEA00BFC839 /* Debug */ = {
			isa = XCBuildConfiguration;
			buildSettings = {
				ALWAYS_SEARCH_USER_PATHS = NO;
				CLANG_ANALYZER_NONNULL = YES;
				CLANG_ANALYZER_NUMBER_OBJECT_CONVERSION = YES_AGGRESSIVE;
				CLANG_CXX_LANGUAGE_STANDARD = "gnu++0x";
				CLANG_CXX_LIBRARY = "libc++";
				CLANG_ENABLE_MODULES = YES;
				CLANG_ENABLE_OBJC_ARC = YES;
				CLANG_WARN_BOOL_CONVERSION = YES;
				CLANG_WARN_CONSTANT_CONVERSION = YES;
				CLANG_WARN_DIRECT_OBJC_ISA_USAGE = YES_ERROR;
				CLANG_WARN_DOCUMENTATION_COMMENTS = YES;
				CLANG_WARN_EMPTY_BODY = YES;
				CLANG_WARN_ENUM_CONVERSION = YES;
				CLANG_WARN_INFINITE_RECURSION = YES;
				CLANG_WARN_INT_CONVERSION = YES;
				CLANG_WARN_OBJC_ROOT_CLASS = YES_ERROR;
				CLANG_WARN_SUSPICIOUS_MOVE = YES;
				CLANG_WARN_UNREACHABLE_CODE = YES;
				CLANG_WARN__DUPLICATE_METHOD_MATCH = YES;
				"CODE_SIGN_IDENTITY[sdk=iphoneos*]" = "iPhone Developer";
				COPY_PHASE_STRIP = NO;
				DEBUG_INFORMATION_FORMAT = dwarf;
				ENABLE_STRICT_OBJC_MSGSEND = YES;
				ENABLE_TESTABILITY = YES;
				GCC_C_LANGUAGE_STANDARD = gnu99;
				GCC_DYNAMIC_NO_PIC = NO;
				GCC_NO_COMMON_BLOCKS = YES;
				GCC_OPTIMIZATION_LEVEL = 0;
				GCC_PREPROCESSOR_DEFINITIONS = (
					"DEBUG=1",
					"$(inherited)",
				);
				GCC_WARN_64_TO_32_BIT_CONVERSION = YES;
				GCC_WARN_ABOUT_RETURN_TYPE = YES_ERROR;
				GCC_WARN_UNDECLARED_SELECTOR = YES;
				GCC_WARN_UNINITIALIZED_AUTOS = YES_AGGRESSIVE;
				GCC_WARN_UNUSED_FUNCTION = YES;
				GCC_WARN_UNUSED_VARIABLE = YES;
				IPHONEOS_DEPLOYMENT_TARGET = 10.3;
				MTL_ENABLE_DEBUG_INFO = YES;
				ONLY_ACTIVE_ARCH = YES;
				SDKROOT = iphoneos;
				SWIFT_ACTIVE_COMPILATION_CONDITIONS = DEBUG;
				SWIFT_OPTIMIZATION_LEVEL = "-Onone";
			};
			name = Debug;
		};
		567431D51F0B2AEA00BFC839 /* Release */ = {
			isa = XCBuildConfiguration;
			buildSettings = {
				ALWAYS_SEARCH_USER_PATHS = NO;
				CLANG_ANALYZER_NONNULL = YES;
				CLANG_ANALYZER_NUMBER_OBJECT_CONVERSION = YES_AGGRESSIVE;
				CLANG_CXX_LANGUAGE_STANDARD = "gnu++0x";
				CLANG_CXX_LIBRARY = "libc++";
				CLANG_ENABLE_MODULES = YES;
				CLANG_ENABLE_OBJC_ARC = YES;
				CLANG_WARN_BOOL_CONVERSION = YES;
				CLANG_WARN_CONSTANT_CONVERSION = YES;
				CLANG_WARN_DIRECT_OBJC_ISA_USAGE = YES_ERROR;
				CLANG_WARN_DOCUMENTATION_COMMENTS = YES;
				CLANG_WARN_EMPTY_BODY = YES;
				CLANG_WARN_ENUM_CONVERSION = YES;
				CLANG_WARN_INFINITE_RECURSION = YES;
				CLANG_WARN_INT_CONVERSION = YES;
				CLANG_WARN_OBJC_ROOT_CLASS = YES_ERROR;
				CLANG_WARN_SUSPICIOUS_MOVE = YES;
				CLANG_WARN_UNREACHABLE_CODE = YES;
				CLANG_WARN__DUPLICATE_METHOD_MATCH = YES;
				"CODE_SIGN_IDENTITY[sdk=iphoneos*]" = "iPhone Developer";
				COPY_PHASE_STRIP = NO;
				DEBUG_INFORMATION_FORMAT = "dwarf-with-dsym";
				ENABLE_NS_ASSERTIONS = NO;
				ENABLE_STRICT_OBJC_MSGSEND = YES;
				GCC_C_LANGUAGE_STANDARD = gnu99;
				GCC_NO_COMMON_BLOCKS = YES;
				GCC_WARN_64_TO_32_BIT_CONVERSION = YES;
				GCC_WARN_ABOUT_RETURN_TYPE = YES_ERROR;
				GCC_WARN_UNDECLARED_SELECTOR = YES;
				GCC_WARN_UNINITIALIZED_AUTOS = YES_AGGRESSIVE;
				GCC_WARN_UNUSED_FUNCTION = YES;
				GCC_WARN_UNUSED_VARIABLE = YES;
				IPHONEOS_DEPLOYMENT_TARGET = 10.3;
				MTL_ENABLE_DEBUG_INFO = NO;
				SDKROOT = iphoneos;
				SWIFT_OPTIMIZATION_LEVEL = "-Owholemodule";
				VALIDATE_PRODUCT = YES;
			};
			name = Release;
		};
		567431D71F0B2AEA00BFC839 /* Debug */ = {
			isa = XCBuildConfiguration;
			buildSettings = {
				ASSETCATALOG_COMPILER_APPICON_NAME = AppIcon;
				DEVELOPMENT_TEAM = LQ2DT4KW5D;
				INFOPLIST_FILE = MostWantedWeek/Info.plist;
				LD_RUNPATH_SEARCH_PATHS = "$(inherited) @executable_path/Frameworks";
				PRODUCT_BUNDLE_IDENTIFIER = com.chrisvillanueva.MostWantedWeek;
				PRODUCT_NAME = "$(TARGET_NAME)";
				SWIFT_VERSION = 3.0;
			};
			name = Debug;
		};
		567431D81F0B2AEA00BFC839 /* Release */ = {
			isa = XCBuildConfiguration;
			buildSettings = {
				ASSETCATALOG_COMPILER_APPICON_NAME = AppIcon;
				DEVELOPMENT_TEAM = LQ2DT4KW5D;
				INFOPLIST_FILE = MostWantedWeek/Info.plist;
				LD_RUNPATH_SEARCH_PATHS = "$(inherited) @executable_path/Frameworks";
				PRODUCT_BUNDLE_IDENTIFIER = com.chrisvillanueva.MostWantedWeek;
				PRODUCT_NAME = "$(TARGET_NAME)";
				SWIFT_VERSION = 3.0;
			};
			name = Release;
		};
/* End XCBuildConfiguration section */

/* Begin XCConfigurationList section */
		567431BF1F0B2AEA00BFC839 /* Build configuration list for PBXProject "MostWantedWeek" */ = {
			isa = XCConfigurationList;
			buildConfigurations = (
				567431D41F0B2AEA00BFC839 /* Debug */,
				567431D51F0B2AEA00BFC839 /* Release */,
			);
			defaultConfigurationIsVisible = 0;
			defaultConfigurationName = Release;
		};
		567431D61F0B2AEA00BFC839 /* Build configuration list for PBXNativeTarget "MostWantedWeek" */ = {
			isa = XCConfigurationList;
			buildConfigurations = (
				567431D71F0B2AEA00BFC839 /* Debug */,
				567431D81F0B2AEA00BFC839 /* Release */,
			);
			defaultConfigurationIsVisible = 0;
			defaultConfigurationName = Release;
		};
/* End XCConfigurationList section */
	};
	rootObject = 567431BC1F0B2AEA00BFC839 /* Project object */;
}
